
Microsoft Visual Studio Solution File, Format Version 12.00
Project("{FAE04EC0-301F-11D3-BF4B-00C04F79EFBC}") = "MongoDBTest", "MongoDBTest\MongoDBTest.csproj", "{7E95D1F3-63A7-486F-95B5-90E3DF649053}"
EndProject
Global
	GlobalSection(SolutionConfigurationPlatforms) = preSolution
		Debug|Any CPU = Debug|Any CPU
		Release|Any CPU = Release|Any CPU
	EndGlobalSection
	GlobalSection(ProjectConfigurationPlatforms) = postSolution
		{7E95D1F3-63A7-486F-95B5-90E3DF649053}.Debug|Any CPU.ActiveCfg = Debug|Any CPU
		{7E95D1F3-63A7-486F-95B5-90E3DF649053}.Debug|Any CPU.Build.0 = Debug|Any CPU
		{7E95D1F3-63A7-486F-95B5-90E3DF649053}.Release|Any CPU.ActiveCfg = Release|Any CPU
		{7E95D1F3-63A7-486F-95B5-90E3DF649053}.Release|Any CPU.Build.0 = Release|Any CPU
	EndGlobalSection
EndGlobal
